
Microsoft Visual Studio Solution File, Format Version 12.00
# Visual Studio Version 17
VisualStudioVersion = 17.11.35222.181
MinimumVisualStudioVersion = 10.0.40219.1
Project("{FAE04EC0-301F-11D3-BF4B-00C04F79EFBC}") = "PeoplesTaste", "PeoplesTaste\PeoplesTaste.csproj", "{21460570-749D-46DC-8A31-B402EB7DA008}"
EndProject
Global
	GlobalSection(SolutionConfigurationPlatforms) = preSolution
		Debug|Any CPU = Debug|Any CPU
		Release|Any CPU = Release|Any CPU
	EndGlobalSection
	GlobalSection(ProjectConfigurationPlatforms) = postSolution
		{21460570-749D-46DC-8A31-B402EB7DA008}.Debug|Any CPU.ActiveCfg = Debug|Any CPU
		{21460570-749D-46DC-8A31-B402EB7DA008}.Debug|Any CPU.Build.0 = Debug|Any CPU
		{21460570-749D-46DC-8A31-B402EB7DA008}.Release|Any CPU.ActiveCfg = Release|Any CPU
		{21460570-749D-46DC-8A31-B402EB7DA008}.Release|Any CPU.Build.0 = Release|Any CPU
	EndGlobalSection
	GlobalSection(SolutionProperties) = preSolution
		HideSolutionNode = FALSE
	EndGlobalSection
	GlobalSection(ExtensibilityGlobals) = postSolution
		SolutionGuid = {DB1C7760-2737-4207-811C-E23DF1FEEAD5}
	EndGlobalSection
EndGlobal
